{
    "name": "lyft-coloralgorithm",
    "version": "1.0.0",
    "lockfileVersion": 1,
    "requires": true,
    "dependencies": {
        "bezier-easing": {
            "version": "2.1.0",
            "resolved": "https://registry.npmjs.org/bezier-easing/-/bezier-easing-2.1.0.tgz",
            "integrity": "sha1-wE3+i5JtbsrKGBPWn/F5t8ICXYY="
        },
        "chroma-js": {
            "version": "1.4.1",
            "resolved": "https://registry.npmjs.org/chroma-js/-/chroma-js-1.4.1.tgz",
            "integrity": "sha512-jTwQiT859RTFN/vIf7s+Vl/Z2LcMrvMv3WUFmd/4u76AdlFC0NTNgqEEFPcRiHmAswPsMiQEDZLM8vX8qXpZNQ=="
        }
    }
}
